
Microsoft Visual Studio Solution File, Format Version 12.00
# Visual Studio Version 16
VisualStudioVersion = 16.0.31025.194
MinimumVisualStudioVersion = 10.0.40219.1
Project("{9A19103F-16F7-4668-BE54-9A1E7A4F7556}") = "MetaverseMax", "MetaverseMax.csproj", "{80064550-4A15-4657-A077-69404F62D9D4}"
EndProject
Global
	GlobalSection(SolutionConfigurationPlatforms) = preSolution
		Debug|Any CPU = Debug|Any CPU
		Release|Any CPU = Release|Any CPU
	EndGlobalSection
	GlobalSection(ProjectConfigurationPlatforms) = postSolution
		{80064550-4A15-4657-A077-69404F62D9D4}.Debug|Any CPU.ActiveCfg = Debug|Any CPU
		{80064550-4A15-4657-A077-69404F62D9D4}.Debug|Any CPU.Build.0 = Debug|Any CPU
		{80064550-4A15-4657-A077-69404F62D9D4}.Release|Any CPU.ActiveCfg = Release|Any CPU
		{80064550-4A15-4657-A077-69404F62D9D4}.Release|Any CPU.Build.0 = Release|Any CPU
	EndGlobalSection
	GlobalSection(SolutionProperties) = preSolution
		HideSolutionNode = FALSE
	EndGlobalSection
	GlobalSection(ExtensibilityGlobals) = postSolution
		SolutionGuid = {AB23CC8D-183E-49A9-A430-D1AB4A561A1B}
	EndGlobalSection
EndGlobal
